
Microsoft Visual Studio Solution File, Format Version 12.00
# Visual Studio 15
VisualStudioVersion = 15.0.27130.2027
MinimumVisualStudioVersion = 10.0.40219.1
Project("{FAE04EC0-301F-11D3-BF4B-00C04F79EFBC}") = "VisualRpc", "VSIXProject1\VisualRpc.csproj", "{B0FD900F-7A55-497B-B600-A8DD96A6A54C}"
EndProject
Global
	GlobalSection(SolutionConfigurationPlatforms) = preSolution
		Debug|Any CPU = Debug|Any CPU
		Release|Any CPU = Release|Any CPU
	EndGlobalSection
	GlobalSection(ProjectConfigurationPlatforms) = postSolution
		{B0FD900F-7A55-497B-B600-A8DD96A6A54C}.Debug|Any CPU.ActiveCfg = Debug|Any CPU
		{B0FD900F-7A55-497B-B600-A8DD96A6A54C}.Debug|Any CPU.Build.0 = Debug|Any CPU
		{B0FD900F-7A55-497B-B600-A8DD96A6A54C}.Release|Any CPU.ActiveCfg = Release|Any CPU
		{B0FD900F-7A55-497B-B600-A8DD96A6A54C}.Release|Any CPU.Build.0 = Release|Any CPU
	EndGlobalSection
	GlobalSection(SolutionProperties) = preSolution
		HideSolutionNode = FALSE
	EndGlobalSection
	GlobalSection(ExtensibilityGlobals) = postSolution
		SolutionGuid = {F9E64EFE-185A-4CE9-99FE-93A67D19C796}
	EndGlobalSection
EndGlobal
